{
  "version": 4,
  "terraform_version": "1.15.7",
  "serial": 23,
  "lineage": "a9cb7ac2-1204-a0b6-84a9-a799a5de75e9",
  "outputs": {},
  "resources": [
    {
      "module": "module.rustfs",
      "mode": "managed",
      "type": "minio_iam_policy",
      "name": "policies",
      "provider": "provider[\"registry.terraform.io/aminueza/minio\"]",
      "instances": [
        {
          "index_key": "app_ro",
          "schema_version": 0,
          "attributes": {
            "id": "app-ro-policy",
            "name": "app-ro-policy",
            "name_prefix": null,
            "policy": "{\"ID\":\"\",\"Statement\":[{\"Action\":[\"s3:ListBucket\"],\"Condition\":{},\"Effect\":\"Allow\",\"Resource\":[\"arn:aws:s3:::rustfs-docs-data\"],\"Sid\":\"ListBucketdocs_data\"},{\"Action\":[\"s3:GetObject\"],\"Condition\":{},\"Effect\":\"Allow\",\"Resource\":[\"arn:aws:s3:::rustfs-docs-data/*\"],\"Sid\":\"Objectsdocs_data\"}],\"Version\":\"2012-10-17\"}"
          },
          "sensitive_attributes": [],
          "identity_schema_version": 0,
          "private": "bnVsbA=="
        },
        {
          "index_key": "app_rw",
          "schema_version": 0,
          "attributes": {
            "id": "app-rw-policy",
            "name": "app-rw-policy",
            "name_prefix": null,
            "policy": "{\"ID\":\"\",\"Statement\":[{\"Action\":[\"s3:ListBucket\"],\"Condition\":{},\"Effect\":\"Allow\",\"Resource\":[\"arn:aws:s3:::rustfs-app-data\"],\"Sid\":\"ListBucketapp_data\"},{\"Action\":[\"s3:DeleteObject\",\"s3:GetObject\",\"s3:PutObject\"],\"Condition\":{},\"Effect\":\"Allow\",\"Resource\":[\"arn:aws:s3:::rustfs-app-data/*\"],\"Sid\":\"Objectsapp_data\"}],\"Version\":\"2012-10-17\"}"
          },
          "sensitive_attributes": [],
          "identity_schema_version": 0,
          "private": "bnVsbA=="
        },
        {
          "index_key": "test_import",
          "schema_version": 0,
          "attributes": {
            "id": "test-import-policy",
            "name": "test-import-policy",
            "name_prefix": null,
            "policy": "{\"ID\":\"\",\"Statement\":[{\"Action\":[\"s3:ListBucket\"],\"Condition\":{},\"Effect\":\"Allow\",\"Resource\":[\"arn:aws:s3:::test-imports\"],\"Sid\":\"ListBuckettest_data\"},{\"Action\":[\"s3:DeleteObject\",\"s3:PutObject\",\"s3:GetObject\"],\"Condition\":{},\"Effect\":\"Allow\",\"Resource\":[\"arn:aws:s3:::test-imports/*\"],\"Sid\":\"Objectstest_data\"}],\"Version\":\"2012-10-17\"}"
          },
          "sensitive_attributes": [],
          "identity_schema_version": 0,
          "private": "bnVsbA=="
        }
      ]
    },
    {
      "module": "module.rustfs",
      "mode": "managed",
      "type": "minio_iam_user",
      "name": "users",
      "provider": "provider[\"registry.terraform.io/aminueza/minio\"]",
      "instances": [
        {
          "index_key": "app_ro_user",
          "schema_version": 0,
          "attributes": {
            "disable_user": false,
            "force_destroy": false,
            "id": "app-ro-user",
            "name": "app-ro-user",
            "secret": "XZinqjtNzRKtkxfbTHPmszhMlgkPk9pc2Wko3uvv6Neu1dkUFdkQfQ==",
            "secret_wo": null,
            "secret_wo_version": null,
            "status": "enabled",
            "tags": null,
            "update_secret": false
          },
          "sensitive_attributes": [
            [
              {
                "type": "get_attr",
                "value": "secret"
              }
            ],
            [
              {
                "type": "get_attr",
                "value": "secret_wo"
              }
            ]
          ],
          "identity_schema_version": 0,
          "private": "bnVsbA=="
        },
        {
          "index_key": "app_rw_user",
          "schema_version": 0,
          "attributes": {
            "disable_user": false,
            "force_destroy": false,
            "id": "app-rw-user",
            "name": "app-rw-user",
            "secret": "p0cWsWiCtZLaPo1YzXf0F5GHGBBHZr9Z7YUxNdTISAaxa7zrhC8KIA==",
            "secret_wo": null,
            "secret_wo_version": null,
            "status": "enabled",
            "tags": null,
            "update_secret": false
          },
          "sensitive_attributes": [
            [
              {
                "type": "get_attr",
                "value": "secret"
              }
            ],
            [
              {
                "type": "get_attr",
                "value": "secret_wo"
              }
            ]
          ],
          "identity_schema_version": 0,
          "private": "bnVsbA=="
        },
        {
          "index_key": "test_import_user",
          "schema_version": 0,
          "attributes": {
            "disable_user": null,
            "force_destroy": null,
            "id": "test-import-user",
            "name": "test-import-user",
            "secret": null,
            "secret_wo": null,
            "secret_wo_version": null,
            "status": "enabled",
            "tags": null,
            "update_secret": null
          },
          "sensitive_attributes": [
            [
              {
                "type": "get_attr",
                "value": "secret"
              }
            ],
            [
              {
                "type": "get_attr",
                "value": "secret_wo"
              }
            ]
          ],
          "identity_schema_version": 0,
          "private": "eyJzY2hlbWFfdmVyc2lvbiI6IjAifQ=="
        }
      ]
    },
    {
      "module": "module.rustfs",
      "mode": "managed",
      "type": "minio_iam_user_policy_attachment",
      "name": "users",
      "provider": "provider[\"registry.terraform.io/aminueza/minio\"]",
      "instances": [
        {
          "index_key": "app_ro_user",
          "schema_version": 0,
          "attributes": {
            "id": "app-ro-user-20260701202727320400000002",
            "policy_name": "app-ro-policy",
            "user_name": "app-ro-user"
          },
          "sensitive_attributes": [],
          "identity_schema_version": 0,
          "private": "bnVsbA==",
          "dependencies": [
            "module.rustfs.minio_iam_policy.policies",
            "module.rustfs.minio_iam_user.users"
          ]
        },
        {
          "index_key": "app_rw_user",
          "schema_version": 0,
          "attributes": {
            "id": "app-rw-user-20260701202727317200000001",
            "policy_name": "app-rw-policy",
            "user_name": "app-rw-user"
          },
          "sensitive_attributes": [],
          "identity_schema_version": 0,
          "private": "bnVsbA==",
          "dependencies": [
            "module.rustfs.minio_iam_policy.policies",
            "module.rustfs.minio_iam_user.users"
          ]
        },
        {
          "index_key": "test_import_user",
          "schema_version": 0,
          "attributes": {
            "id": "test-import-user-20260701202719837500000001",
            "policy_name": "test-import-policy",
            "user_name": "test-import-user"
          },
          "sensitive_attributes": [],
          "identity_schema_version": 0,
          "private": "eyJzY2hlbWFfdmVyc2lvbiI6IjAifQ==",
          "dependencies": [
            "module.rustfs.minio_iam_policy.policies",
            "module.rustfs.minio_iam_user.users"
          ]
        }
      ]
    },
    {
      "module": "module.rustfs",
      "mode": "managed",
      "type": "minio_s3_bucket",
      "name": "buckets",
      "provider": "provider[\"registry.terraform.io/aminueza/minio\"]",
      "instances": [
        {
          "index_key": "app_data",
          "schema_version": 0,
          "attributes": {
            "acl": "private",
            "arn": "arn:aws:s3:::rustfs-app-data",
            "bucket": "rustfs-app-data",
            "bucket_domain_name": "http://192.168.1.124:9000/rustfs-app-data",
            "bucket_prefix": null,
            "force_destroy": false,
            "id": "rustfs-app-data",
            "object_locking": false,
            "quota": null,
            "tags": null
          },
          "sensitive_attributes": [],
          "identity_schema_version": 0,
          "private": "bnVsbA=="
        },
        {
          "index_key": "docs_data",
          "schema_version": 0,
          "attributes": {
            "acl": "private",
            "arn": "arn:aws:s3:::rustfs-docs-data",
            "bucket": "rustfs-docs-data",
            "bucket_domain_name": "http://192.168.1.124:9000/rustfs-docs-data",
            "bucket_prefix": null,
            "force_destroy": false,
            "id": "rustfs-docs-data",
            "object_locking": false,
            "quota": null,
            "tags": null
          },
          "sensitive_attributes": [],
          "identity_schema_version": 0,
          "private": "bnVsbA=="
        },
        {
          "index_key": "public_assets",
          "schema_version": 0,
          "attributes": {
            "acl": "public",
            "arn": "arn:aws:s3:::rustfs-public-assets",
            "bucket": "rustfs-public-assets",
            "bucket_domain_name": "http://192.168.1.124:9000/rustfs-public-assets",
            "bucket_prefix": null,
            "force_destroy": false,
            "id": "rustfs-public-assets",
            "object_locking": false,
            "quota": null,
            "tags": null
          },
          "sensitive_attributes": [],
          "identity_schema_version": 0,
          "private": "bnVsbA=="
        },
        {
          "index_key": "test_data",
          "schema_version": 0,
          "attributes": {
            "acl": "private",
            "arn": "arn:aws:s3:::test-imports",
            "bucket": "test-imports",
            "bucket_domain_name": "http://192.168.1.124:9000/test-imports",
            "bucket_prefix": null,
            "force_destroy": false,
            "id": "test-imports",
            "object_locking": false,
            "quota": null,
            "tags": {}
          },
          "sensitive_attributes": [],
          "identity_schema_version": 0,
          "private": "bnVsbA=="
        }
      ]
    },
    {
      "module": "module.rustfs",
      "mode": "managed",
      "type": "minio_s3_bucket_policy",
      "name": "anonymous_read",
      "provider": "provider[\"registry.terraform.io/aminueza/minio\"]",
      "instances": [
        {
          "index_key": "public_assets",
          "schema_version": 0,
          "attributes": {
            "bucket": "rustfs-public-assets",
            "id": "rustfs-public-assets",
            "policy": "{\"Statement\":[{\"Action\":[\"s3:GetObject\"],\"Effect\":\"Allow\",\"Principal\":\"*\",\"Resource\":[\"arn:aws:s3:::rustfs-public-assets/*\"],\"Sid\":\"AllowAnonymousRead\"}],\"Version\":\"2012-10-17\"}",
            "timeouts": null
          },
          "sensitive_attributes": [],
          "identity_schema_version": 0,
          "private": "eyJlMmJmYjczMC1lY2FhLTExZTYtOGY4OC0zNDM2M2JjN2M0YzAiOnsiY3JlYXRlIjozMDAwMDAwMDAwMDAsImRlbGV0ZSI6MzAwMDAwMDAwMDAwLCJyZWFkIjoxMjAwMDAwMDAwMDAsInVwZGF0ZSI6MzAwMDAwMDAwMDAwfX0=",
          "dependencies": [
            "module.rustfs.minio_s3_bucket.buckets"
          ]
        }
      ]
    },
    {
      "module": "module.rustfs",
      "mode": "managed",
      "type": "minio_s3_bucket_quota",
      "name": "buckets",
      "provider": "provider[\"registry.terraform.io/aminueza/minio\"]",
      "instances": [
        {
          "index_key": "app_data",
          "schema_version": 0,
          "attributes": {
            "bucket": "rustfs-app-data",
            "id": "rustfs-app-data",
            "quota": 53687091200,
            "type": "hard"
          },
          "sensitive_attributes": [],
          "identity_schema_version": 0,
          "private": "bnVsbA==",
          "dependencies": [
            "module.rustfs.minio_s3_bucket.buckets"
          ]
        },
        {
          "index_key": "docs_data",
          "schema_version": 0,
          "attributes": {
            "bucket": "rustfs-docs-data",
            "id": "rustfs-docs-data",
            "quota": 21474836480,
            "type": "hard"
          },
          "sensitive_attributes": [],
          "identity_schema_version": 0,
          "private": "bnVsbA==",
          "dependencies": [
            "module.rustfs.minio_s3_bucket.buckets"
          ]
        },
        {
          "index_key": "public_assets",
          "schema_version": 0,
          "attributes": {
            "bucket": "rustfs-public-assets",
            "id": "rustfs-public-assets",
            "quota": 10737418240,
            "type": "hard"
          },
          "sensitive_attributes": [],
          "identity_schema_version": 0,
          "private": "bnVsbA==",
          "dependencies": [
            "module.rustfs.minio_s3_bucket.buckets"
          ]
        },
        {
          "index_key": "test_data",
          "schema_version": 0,
          "attributes": {
            "bucket": "test-imports",
            "id": "test-imports",
            "quota": 5368709120,
            "type": "hard"
          },
          "sensitive_attributes": [],
          "identity_schema_version": 0,
          "private": "eyJzY2hlbWFfdmVyc2lvbiI6IjAifQ==",
          "dependencies": [
            "module.rustfs.minio_s3_bucket.buckets"
          ]
        }
      ]
    },
    {
      "module": "module.rustfs",
      "mode": "managed",
      "type": "minio_s3_bucket_tags",
      "name": "buckets",
      "provider": "provider[\"registry.terraform.io/aminueza/minio\"]",
      "instances": [
        {
          "index_key": "app_data",
          "schema_version": 0,
          "attributes": {
            "bucket": "rustfs-app-data",
            "id": "rustfs-app-data",
            "tags": {
              "app_data": "writing"
            }
          },
          "sensitive_attributes": [],
          "identity_schema_version": 0,
          "private": "bnVsbA==",
          "dependencies": [
            "module.rustfs.minio_s3_bucket.buckets"
          ]
        },
        {
          "index_key": "docs_data",
          "schema_version": 0,
          "attributes": {
            "bucket": "rustfs-docs-data",
            "id": "rustfs-docs-data",
            "tags": {
              "docs_data": "reading"
            }
          },
          "sensitive_attributes": [],
          "identity_schema_version": 0,
          "private": "bnVsbA==",
          "dependencies": [
            "module.rustfs.minio_s3_bucket.buckets"
          ]
        },
        {
          "index_key": "public_assets",
          "schema_version": 0,
          "attributes": {
            "bucket": "rustfs-public-assets",
            "id": "rustfs-public-assets",
            "tags": {
              "public_assets": "anonymous"
            }
          },
          "sensitive_attributes": [],
          "identity_schema_version": 0,
          "private": "bnVsbA==",
          "dependencies": [
            "module.rustfs.minio_s3_bucket.buckets"
          ]
        },
        {
          "index_key": "test_data",
          "schema_version": 0,
          "attributes": {
            "bucket": "test-imports",
            "id": "test-imports",
            "tags": {
              "test_data": "importing"
            }
          },
          "sensitive_attributes": [],
          "identity_schema_version": 0,
          "private": "bnVsbA==",
          "dependencies": [
            "module.rustfs.minio_s3_bucket.buckets"
          ]
        }
      ]
    },
    {
      "module": "module.rustfs",
      "mode": "managed",
      "type": "minio_s3_bucket_versioning",
      "name": "buckets",
      "provider": "provider[\"registry.terraform.io/aminueza/minio\"]",
      "instances": [
        {
          "index_key": "app_data",
          "schema_version": 0,
          "attributes": {
            "bucket": "rustfs-app-data",
            "id": "rustfs-app-data",
            "timeouts": null,
            "versioning_configuration": [
              {
                "exclude_folders": false,
                "excluded_prefixes": null,
                "status": "Enabled"
              }
            ]
          },
          "sensitive_attributes": [],
          "identity_schema_version": 0,
          "private": "eyJlMmJmYjczMC1lY2FhLTExZTYtOGY4OC0zNDM2M2JjN2M0YzAiOnsiY3JlYXRlIjozMDAwMDAwMDAwMDAsImRlbGV0ZSI6MzAwMDAwMDAwMDAwLCJyZWFkIjoxMjAwMDAwMDAwMDAsInVwZGF0ZSI6MzAwMDAwMDAwMDAwfX0=",
          "dependencies": [
            "module.rustfs.minio_s3_bucket.buckets"
          ]
        },
        {
          "index_key": "docs_data",
          "schema_version": 0,
          "attributes": {
            "bucket": "rustfs-docs-data",
            "id": "rustfs-docs-data",
            "timeouts": null,
            "versioning_configuration": [
              {
                "exclude_folders": false,
                "excluded_prefixes": null,
                "status": "Enabled"
              }
            ]
          },
          "sensitive_attributes": [],
          "identity_schema_version": 0,
          "private": "eyJlMmJmYjczMC1lY2FhLTExZTYtOGY4OC0zNDM2M2JjN2M0YzAiOnsiY3JlYXRlIjozMDAwMDAwMDAwMDAsImRlbGV0ZSI6MzAwMDAwMDAwMDAwLCJyZWFkIjoxMjAwMDAwMDAwMDAsInVwZGF0ZSI6MzAwMDAwMDAwMDAwfX0=",
          "dependencies": [
            "module.rustfs.minio_s3_bucket.buckets"
          ]
        },
        {
          "index_key": "test_data",
          "schema_version": 0,
          "attributes": {
            "bucket": "test-imports",
            "id": "test-imports",
            "timeouts": null,
            "versioning_configuration": [
              {
                "exclude_folders": false,
                "excluded_prefixes": null,
                "status": "Enabled"
              }
            ]
          },
          "sensitive_attributes": [],
          "identity_schema_version": 0,
          "private": "eyJlMmJmYjczMC1lY2FhLTExZTYtOGY4OC0zNDM2M2JjN2M0YzAiOnsiY3JlYXRlIjozMDAwMDAwMDAwMDAsImRlbGV0ZSI6MzAwMDAwMDAwMDAwLCJyZWFkIjoxMjAwMDAwMDAwMDAsInVwZGF0ZSI6MzAwMDAwMDAwMDAwfX0=",
          "dependencies": [
            "module.rustfs.minio_s3_bucket.buckets"
          ]
        }
      ]
    }
  ],
  "check_results": [
    {
      "object_kind": "var",
      "config_addr": "module.rustfs.var.bucket_list",
      "status": "pass",
      "objects": [
        {
          "object_addr": "module.rustfs.var.bucket_list",
          "status": "pass"
        }
      ]
    }
  ]
}
